PODS:
  - Capacitor (7.0.1):
    - CapacitorCordova
  - CapacitorApp (7.0.0):
    - Capacitor
  - CapacitorCordova (7.0.1)
  - CapacitorSplashScreen (7.0.0):
    - Capacitor

DEPENDENCIES:
  - "Capacitor (from `../../../../node_modules/@capacitor/ios`)"
  - "CapacitorApp (from `../../../../node_modules/@capacitor/app`)"
  - "CapacitorCordova (from `../../../../node_modules/@capacitor/ios`)"
  - "CapacitorSplashScreen (from `../../../../node_modules/@capacitor/splash-screen`)"

EXTERNAL SOURCES:
  Capacitor:
    :path: "../../../../node_modules/@capacitor/ios"
  CapacitorApp:
    :path: "../../../../node_modules/@capacitor/app"
  CapacitorCordova:
    :path: "../../../../node_modules/@capacitor/ios"
  CapacitorSplashScreen:
    :path: "../../../../node_modules/@capacitor/splash-screen"

SPEC CHECKSUMS:
  Capacitor: de199cba6c8b20995428ad0b7cb0bc6ca625ffd4
  CapacitorApp: 9cb31064a6c6bb2b1438583733a7bf45557fc1da
  CapacitorCordova: 63d476958d5022d76f197031e8b7ea3519988c64
  CapacitorSplashScreen: 7e7a0a1113833032f196b3af6fa437baccacf5bc

PODFILE CHECKSUM: e5771c1c17b1549972dc2e7c5430dddcbeff2320

COCOAPODS: 1.16.2
